// !$*UTF8*$!
{
	archiveVersion = 1;
	classes = {
	};
	objectVersion = 56;
	objects = {

/* Begin PBXBuildFile section */
		6356CA622C8FCE0500A496D2 /* FirebaseAuth in Frameworks */ = {isa = PBXBuildFile; productRef = 6356CA612C8FCE0500A496D2 /* FirebaseAuth */; };
		6356CA642C8FCE0500A496D2 /* FirebaseDatabase in Frameworks */ = {isa = PBXBuildFile; productRef = 6356CA632C8FCE0500A496D2 /* FirebaseDatabase */; };
		6356CA662C8FCE0500A496D2 /* FirebaseFirestore in Frameworks */ = {isa = PBXBuildFile; productRef = 6356CA652C8FCE0500A496D2 /* FirebaseFirestore */; };
		6356CA682C8FCE0500A496D2 /* FirebaseStorage in Frameworks */ = {isa = PBXBuildFile; productRef = 6356CA672C8FCE0500A496D2 /* FirebaseStorage */; };
		6356CA6B2C8FFE8B00A496D2 /* AuthService.swift in Sources */ = {isa = PBXBuildFile; fileRef = 6356CA6A2C8FFE8B00A496D2 /* AuthService.swift */; };
		6356CA6E2C8FFFC600A496D2 /* User.swift in Sources */ = {isa = PBXBuildFile; fileRef = 6356CA6D2C8FFFC600A496D2 /* User.swift */; };
		6356CA702C900A4100A496D2 /* GoogleService-Info.plist in Resources */ = {isa = PBXBuildFile; fileRef = 6356CA6F2C900A4100A496D2 /* GoogleService-Info.plist */; };
		6356CA742C90311500A496D2 /* MainTabView.swift in Sources */ = {isa = PBXBuildFile; fileRef = 6356CA732C90311500A496D2 /* MainTabView.swift */; };
		6356CA762C90333200A496D2 /* ContentViewModel.swift in Sources */ = {isa = PBXBuildFile; fileRef = 6356CA752C90333200A496D2 /* ContentViewModel.swift */; };
		63D9D0492C8E8053001960D3 /* FlashBondApp.swift in Sources */ = {isa = PBXBuildFile; fileRef = 63D9D0482C8E8053001960D3 /* FlashBondApp.swift */; };
		63D9D04B2C8E8053001960D3 /* ContentView.swift in Sources */ = {isa = PBXBuildFile; fileRef = 63D9D04A2C8E8053001960D3 /* ContentView.swift */; };
		63D9D04D2C8E8055001960D3 /* Assets.xcassets in Resources */ = {isa = PBXBuildFile; fileRef = 63D9D04C2C8E8055001960D3 /* Assets.xcassets */; };
		63D9D0502C8E8055001960D3 /* Preview Assets.xcassets in Resources */ = {isa = PBXBuildFile; fileRef = 63D9D04F2C8E8055001960D3 /* Preview Assets.xcassets */; };
		63D9D0592C8E8517001960D3 /* LoginView.swift in Sources */ = {isa = PBXBuildFile; fileRef = 63D9D0582C8E8517001960D3 /* LoginView.swift */; };
		63D9D05C2C8E8636001960D3 /* LoginViewModel.swift in Sources */ = {isa = PBXBuildFile; fileRef = 63D9D05B2C8E8636001960D3 /* LoginViewModel.swift */; };
		63D9D05F2C8E8767001960D3 /* TextFieldModifier.swift in Sources */ = {isa = PBXBuildFile; fileRef = 63D9D05E2C8E8767001960D3 /* TextFieldModifier.swift */; };
		63D9D0612C8E8B17001960D3 /* AddEmailView.swift in Sources */ = {isa = PBXBuildFile; fileRef = 63D9D0602C8E8B17001960D3 /* AddEmailView.swift */; };
		63D9D0632C8E8B2D001960D3 /* CreateUserNameView.swift in Sources */ = {isa = PBXBuildFile; fileRef = 63D9D0622C8E8B2D001960D3 /* CreateUserNameView.swift */; };
		63D9D0652C8E8B4A001960D3 /* CreatePasswordView.swift in Sources */ = {isa = PBXBuildFile; fileRef = 63D9D0642C8E8B4A001960D3 /* CreatePasswordView.swift */; };
		63D9D0672C8E8B5E001960D3 /* CompleteSignUpView.swift in Sources */ = {isa = PBXBuildFile; fileRef = 63D9D0662C8E8B5E001960D3 /* CompleteSignUpView.swift */; };
		63D9D0692C8E8C58001960D3 /* RegistrationViewModel.swift in Sources */ = {isa = PBXBuildFile; fileRef = 63D9D0682C8E8C58001960D3 /* RegistrationViewModel.swift */; };
/* End PBXBuildFile section */

/* Begin PBXFileReference section */
		6356CA6A2C8FFE8B00A496D2 /* AuthService.swift */ = {isa = PBXFileReference; lastKnownFileType = sourcecode.swift; path = AuthService.swift; sourceTree = "<group>"; };
		6356CA6D2C8FFFC600A496D2 /* User.swift */ = {isa = PBXFileReference; lastKnownFileType = sourcecode.swift; path = User.swift; sourceTree = "<group>"; };
		6356CA6F2C900A4100A496D2 /* GoogleService-Info.plist */ = {isa = PBXFileReference; fileEncoding = 4; lastKnownFileType = text.plist.xml; path = "GoogleService-Info.plist"; sourceTree = SOURCE_ROOT; };
		6356CA732C90311500A496D2 /* MainTabView.swift */ = {isa = PBXFileReference; lastKnownFileType = sourcecode.swift; path = MainTabView.swift; sourceTree = "<group>"; };
		6356CA752C90333200A496D2 /* ContentViewModel.swift */ = {isa = PBXFileReference; lastKnownFileType = sourcecode.swift; path = ContentViewModel.swift; sourceTree = "<group>"; };
		63D9D0452C8E8053001960D3 /* FlashBond.app */ = {isa = PBXFileReference; explicitFileType = wrapper.application; includeInIndex = 0; path = FlashBond.app; sourceTree = BUILT_PRODUCTS_DIR; };
		63D9D0482C8E8053001960D3 /* FlashBondApp.swift */ = {isa = PBXFileReference; lastKnownFileType = sourcecode.swift; path = FlashBondApp.swift; sourceTree = "<group>"; };
		63D9D04A2C8E8053001960D3 /* ContentView.swift */ = {isa = PBXFileReference; lastKnownFileType = sourcecode.swift; path = ContentView.swift; sourceTree = "<group>"; };
		63D9D04C2C8E8055001960D3 /* Assets.xcassets */ = {isa = PBXFileReference; lastKnownFileType = folder.assetcatalog; path = Assets.xcassets; sourceTree = "<group>"; };
		63D9D04F2C8E8055001960D3 /* Preview Assets.xcassets */ = {isa = PBXFileReference; lastKnownFileType = folder.assetcatalog; path = "Preview Assets.xcassets"; sourceTree = "<group>"; };
		63D9D0582C8E8517001960D3 /* LoginView.swift */ = {isa = PBXFileReference; lastKnownFileType = sourcecode.swift; path = LoginView.swift; sourceTree = "<group>"; };
		63D9D05B2C8E8636001960D3 /* LoginViewModel.swift */ = {isa = PBXFileReference; lastKnownFileType = sourcecode.swift; path = LoginViewModel.swift; sourceTree = "<group>"; };
		63D9D05E2C8E8767001960D3 /* TextFieldModifier.swift */ = {isa = PBXFileReference; lastKnownFileType = sourcecode.swift; path = TextFieldModifier.swift; sourceTree = "<group>"; };
		63D9D0602C8E8B17001960D3 /* AddEmailView.swift */ = {isa = PBXFileReference; lastKnownFileType = sourcecode.swift; path = AddEmailView.swift; sourceTree = "<group>"; };
		63D9D0622C8E8B2D001960D3 /* CreateUserNameView.swift */ = {isa = PBXFileReference; lastKnownFileType = sourcecode.swift; path = CreateUserNameView.swift; sourceTree = "<group>"; };
		63D9D0642C8E8B4A001960D3 /* CreatePasswordView.swift */ = {isa = PBXFileReference; lastKnownFileType = sourcecode.swift; path = CreatePasswordView.swift; sourceTree = "<group>"; };
		63D9D0662C8E8B5E001960D3 /* CompleteSignUpView.swift */ = {isa = PBXFileReference; lastKnownFileType = sourcecode.swift; path = CompleteSignUpView.swift; sourceTree = "<group>"; };
		63D9D0682C8E8C58001960D3 /* RegistrationViewModel.swift */ = {isa = PBXFileReference; lastKnownFileType = sourcecode.swift; path = RegistrationViewModel.swift; sourceTree = "<group>"; };
/* End PBXFileReference section */

/* Begin PBXFrameworksBuildPhase section */
		63D9D0422C8E8053001960D3 /* Frameworks */ = {
			isa = PBXFrameworksBuildPhase;
			buildActionMask = 2147483647;
			files = (
				6356CA642C8FCE0500A496D2 /* FirebaseDatabase in Frameworks */,
				6356CA682C8FCE0500A496D2 /* FirebaseStorage in Frameworks */,
				6356CA622C8FCE0500A496D2 /* FirebaseAuth in Frameworks */,
				6356CA662C8FCE0500A496D2 /* FirebaseFirestore in Frameworks */,
			);
			runOnlyForDeploymentPostprocessing = 0;
		};
/* End PBXFrameworksBuildPhase section */

/* Begin PBXGroup section */
		6356CA692C8FFE7000A496D2 /* Service */ = {
			isa = PBXGroup;
			children = (
				6356CA6A2C8FFE8B00A496D2 /* AuthService.swift */,
			);
			path = Service;
			sourceTree = "<group>";
		};
		6356CA6C2C8FFFB600A496D2 /* Model */ = {
			isa = PBXGroup;
			children = (
				6356CA6D2C8FFFC600A496D2 /* User.swift */,
			);
			path = Model;
			sourceTree = "<group>";
		};
		6356CA712C90303100A496D2 /* Root */ = {
			isa = PBXGroup;
			children = (
				63D9D04A2C8E8053001960D3 /* ContentView.swift */,
				6356CA752C90333200A496D2 /* ContentViewModel.swift */,
			);
			path = Root;
			sourceTree = "<group>";
		};
		6356CA722C90304400A496D2 /* Views */ = {
			isa = PBXGroup;
			children = (
				6356CA732C90311500A496D2 /* MainTabView.swift */,
			);
			path = Views;
			sourceTree = "<group>";
		};
		63D9D03C2C8E8053001960D3 = {
			isa = PBXGroup;
			children = (
				63D9D0472C8E8053001960D3 /* FlashBond */,
				63D9D0462C8E8053001960D3 /* Products */,
			);
			sourceTree = "<group>";
		};
		63D9D0462C8E8053001960D3 /* Products */ = {
			isa = PBXGroup;
			children = (
				63D9D0452C8E8053001960D3 /* FlashBond.app */,
			);
			name = Products;
			sourceTree = "<group>";
		};
		63D9D0472C8E8053001960D3 /* FlashBond */ = {
			isa = PBXGroup;
			children = (
				63D9D0482C8E8053001960D3 /* FlashBondApp.swift */,
				6356CA712C90303100A496D2 /* Root */,
				63D9D0562C8E84C7001960D3 /* Authentication */,
				6356CA6C2C8FFFB600A496D2 /* Model */,
				6356CA722C90304400A496D2 /* Views */,
				6356CA692C8FFE7000A496D2 /* Service */,
				63D9D05D2C8E8709001960D3 /* Custom */,
				63D9D04C2C8E8055001960D3 /* Assets.xcassets */,
				6356CA6F2C900A4100A496D2 /* GoogleService-Info.plist */,
				63D9D04E2C8E8055001960D3 /* Preview Content */,
			);
			path = FlashBond;
			sourceTree = "<group>";
		};
		63D9D04E2C8E8055001960D3 /* Preview Content */ = {
			isa = PBXGroup;
			children = (
				63D9D04F2C8E8055001960D3 /* Preview Assets.xcassets */,
			);
			path = "Preview Content";
			sourceTree = "<group>";
		};
		63D9D0562C8E84C7001960D3 /* Authentication */ = {
			isa = PBXGroup;
			children = (
				63D9D05A2C8E8624001960D3 /* ViewModel */,
				63D9D0572C8E84DD001960D3 /* View */,
			);
			path = Authentication;
			sourceTree = "<group>";
		};
		63D9D0572C8E84DD001960D3 /* View */ = {
			isa = PBXGroup;
			children = (
				63D9D0582C8E8517001960D3 /* LoginView.swift */,
				63D9D0602C8E8B17001960D3 /* AddEmailView.swift */,
				63D9D0622C8E8B2D001960D3 /* CreateUserNameView.swift */,
				63D9D0642C8E8B4A001960D3 /* CreatePasswordView.swift */,
				63D9D0662C8E8B5E001960D3 /* CompleteSignUpView.swift */,
			);
			path = View;
			sourceTree = "<group>";
		};
		63D9D05A2C8E8624001960D3 /* ViewModel */ = {
			isa = PBXGroup;
			children = (
				63D9D05B2C8E8636001960D3 /* LoginViewModel.swift */,
				63D9D0682C8E8C58001960D3 /* RegistrationViewModel.swift */,
			);
			path = ViewModel;
			sourceTree = "<group>";
		};
		63D9D05D2C8E8709001960D3 /* Custom */ = {
			isa = PBXGroup;
			children = (
				63D9D05E2C8E8767001960D3 /* TextFieldModifier.swift */,
			);
			path = Custom;
			sourceTree = "<group>";
		};
/* End PBXGroup section */

/* Begin PBXNativeTarget section */
		63D9D0442C8E8053001960D3 /* FlashBond */ = {
			isa = PBXNativeTarget;
			buildConfigurationList = 63D9D0532C8E8055001960D3 /* Build configuration list for PBXNativeTarget "FlashBond" */;
			buildPhases = (
				63D9D0412C8E8053001960D3 /* Sources */,
				63D9D0422C8E8053001960D3 /* Frameworks */,
				63D9D0432C8E8053001960D3 /* Resources */,
			);
			buildRules = (
			);
			dependencies = (
			);
			name = FlashBond;
			packageProductDependencies = (
				6356CA612C8FCE0500A496D2 /* FirebaseAuth */,
				6356CA632C8FCE0500A496D2 /* FirebaseDatabase */,
				6356CA652C8FCE0500A496D2 /* FirebaseFirestore */,
				6356CA672C8FCE0500A496D2 /* FirebaseStorage */,
			);
			productName = FlashBond;
			productReference = 63D9D0452C8E8053001960D3 /* FlashBond.app */;
			productType = "com.apple.product-type.application";
		};
/* End PBXNativeTarget section */

/* Begin PBXProject section */
		63D9D03D2C8E8053001960D3 /* Project object */ = {
			isa = PBXProject;
			attributes = {
				BuildIndependentTargetsInParallel = 1;
				LastSwiftUpdateCheck = 1540;
				LastUpgradeCheck = 1540;
				TargetAttributes = {
					63D9D0442C8E8053001960D3 = {
						CreatedOnToolsVersion = 15.4;
					};
				};
			};
			buildConfigurationList = 63D9D0402C8E8053001960D3 /* Build configuration list for PBXProject "FlashBond" */;
			compatibilityVersion = "Xcode 14.0";
			developmentRegion = en;
			hasScannedForEncodings = 0;
			knownRegions = (
				en,
				Base,
			);
			mainGroup = 63D9D03C2C8E8053001960D3;
			packageReferences = (
				6356CA602C8FCE0500A496D2 /* XCRemoteSwiftPackageReference "firebase-ios-sdk" */,
			);
			productRefGroup = 63D9D0462C8E8053001960D3 /* Products */;
			projectDirPath = "";
			projectRoot = "";
			targets = (
				63D9D0442C8E8053001960D3 /* FlashBond */,
			);
		};
/* End PBXProject section */

/* Begin PBXResourcesBuildPhase section */
		63D9D0432C8E8053001960D3 /* Resources */ = {
			isa = PBXResourcesBuildPhase;
			buildActionMask = 2147483647;
			files = (
				63D9D0502C8E8055001960D3 /* Preview Assets.xcassets in Resources */,
				63D9D04D2C8E8055001960D3 /* Assets.xcassets in Resources */,
				6356CA702C900A4100A496D2 /* GoogleService-Info.plist in Resources */,
			);
			runOnlyForDeploymentPostprocessing = 0;
		};
/* End PBXResourcesBuildPhase section */

/* Begin PBXSourcesBuildPhase section */
		63D9D0412C8E8053001960D3 /* Sources */ = {
			isa = PBXSourcesBuildPhase;
			buildActionMask = 2147483647;
			files = (
				63D9D0632C8E8B2D001960D3 /* CreateUserNameView.swift in Sources */,
				63D9D0672C8E8B5E001960D3 /* CompleteSignUpView.swift in Sources */,
				63D9D05C2C8E8636001960D3 /* LoginViewModel.swift in Sources */,
				63D9D05F2C8E8767001960D3 /* TextFieldModifier.swift in Sources */,
				63D9D0592C8E8517001960D3 /* LoginView.swift in Sources */,
				6356CA6B2C8FFE8B00A496D2 /* AuthService.swift in Sources */,
				63D9D0692C8E8C58001960D3 /* RegistrationViewModel.swift in Sources */,
				6356CA742C90311500A496D2 /* MainTabView.swift in Sources */,
				63D9D0612C8E8B17001960D3 /* AddEmailView.swift in Sources */,
				6356CA6E2C8FFFC600A496D2 /* User.swift in Sources */,
				6356CA762C90333200A496D2 /* ContentViewModel.swift in Sources */,
				63D9D0652C8E8B4A001960D3 /* CreatePasswordView.swift in Sources */,
				63D9D04B2C8E8053001960D3 /* ContentView.swift in Sources */,
				63D9D0492C8E8053001960D3 /* FlashBondApp.swift in Sources */,
			);
			runOnlyForDeploymentPostprocessing = 0;
		};
/* End PBXSourcesBuildPhase section */

/* Begin XCBuildConfiguration section */
		63D9D0512C8E8055001960D3 /* Debug */ = {
			isa = XCBuildConfiguration;
			buildSettings = {
				ALWAYS_SEARCH_USER_PATHS = NO;
				ASSETCATALOG_COMPILER_GENERATE_SWIFT_ASSET_SYMBOL_EXTENSIONS = YES;
				CLANG_ANALYZER_NONNULL = YES;
				CLANG_ANALYZER_NUMBER_OBJECT_CONVERSION = YES_AGGRESSIVE;
				CLANG_CXX_LANGUAGE_STANDARD = "gnu++20";
				CLANG_ENABLE_MODULES = YES;
				CLANG_ENABLE_OBJC_ARC = YES;
				CLANG_ENABLE_OBJC_WEAK = YES;
				CLANG_WARN_BLOCK_CAPTURE_AUTORELEASING = YES;
				CLANG_WARN_BOOL_CONVERSION = YES;
				CLANG_WARN_COMMA = YES;
				CLANG_WARN_CONSTANT_CONVERSION = YES;
				CLANG_WARN_DEPRECATED_OBJC_IMPLEMENTATIONS = YES;
				CLANG_WARN_DIRECT_OBJC_ISA_USAGE = YES_ERROR;
				CLANG_WARN_DOCUMENTATION_COMMENTS = YES;
				CLANG_WARN_EMPTY_BODY = YES;
				CLANG_WARN_ENUM_CONVERSION = YES;
				CLANG_WARN_INFINITE_RECURSION = YES;
				CLANG_WARN_INT_CONVERSION = YES;
				CLANG_WARN_NON_LITERAL_NULL_CONVERSION = YES;
				CLANG_WARN_OBJC_IMPLICIT_RETAIN_SELF = YES;
				CLANG_WARN_OBJC_LITERAL_CONVERSION = YES;
				CLANG_WARN_OBJC_ROOT_CLASS = YES_ERROR;
				CLANG_WARN_QUOTED_INCLUDE_IN_FRAMEWORK_HEADER = YES;
				CLANG_WARN_RANGE_LOOP_ANALYSIS = YES;
				CLANG_WARN_STRICT_PROTOTYPES = YES;
				CLANG_WARN_SUSPICIOUS_MOVE = YES;
				CLANG_WARN_UNGUARDED_AVAILABILITY = YES_AGGRESSIVE;
				CLANG_WARN_UNREACHABLE_CODE = YES;
				CLANG_WARN__DUPLICATE_METHOD_MATCH = YES;
				COPY_PHASE_STRIP = NO;
				DEBUG_INFORMATION_FORMAT = dwarf;
				ENABLE_STRICT_OBJC_MSGSEND = YES;
				ENABLE_TESTABILITY = YES;
				ENABLE_USER_SCRIPT_SANDBOXING = YES;
				GCC_C_LANGUAGE_STANDARD = gnu17;
				GCC_DYNAMIC_NO_PIC = NO;
				GCC_NO_COMMON_BLOCKS = YES;
				GCC_OPTIMIZATION_LEVEL = 0;
				GCC_PREPROCESSOR_DEFINITIONS = (
					"DEBUG=1",
					"$(inherited)",
				);
				GCC_WARN_64_TO_32_BIT_CONVERSION = YES;
				GCC_WARN_ABOUT_RETURN_TYPE = YES_ERROR;
				GCC_WARN_UNDECLARED_SELECTOR = YES;
				GCC_WARN_UNINITIALIZED_AUTOS = YES_AGGRESSIVE;
				GCC_WARN_UNUSED_FUNCTION = YES;
				GCC_WARN_UNUSED_VARIABLE = YES;
				IPHONEOS_DEPLOYMENT_TARGET = 17.5;
				LOCALIZATION_PREFERS_STRING_CATALOGS = YES;
				MTL_ENABLE_DEBUG_INFO = INCLUDE_SOURCE;
				MTL_FAST_MATH = YES;
				ONLY_ACTIVE_ARCH = YES;
				SDKROOT = iphoneos;
				SWIFT_ACTIVE_COMPILATION_CONDITIONS = "DEBUG $(inherited)";
				SWIFT_OPTIMIZATION_LEVEL = "-Onone";
			};
			name = Debug;
		};
		63D9D0522C8E8055001960D3 /* Release */ = {
			isa = XCBuildConfiguration;
			buildSettings = {
				ALWAYS_SEARCH_USER_PATHS = NO;
				ASSETCATALOG_COMPILER_GENERATE_SWIFT_ASSET_SYMBOL_EXTENSIONS = YES;
				CLANG_ANALYZER_NONNULL = YES;
				CLANG_ANALYZER_NUMBER_OBJECT_CONVERSION = YES_AGGRESSIVE;
				CLANG_CXX_LANGUAGE_STANDARD = "gnu++20";
				CLANG_ENABLE_MODULES = YES;
				CLANG_ENABLE_OBJC_ARC = YES;
				CLANG_ENABLE_OBJC_WEAK = YES;
				CLANG_WARN_BLOCK_CAPTURE_AUTORELEASING = YES;
				CLANG_WARN_BOOL_CONVERSION = YES;
				CLANG_WARN_COMMA = YES;
				CLANG_WARN_CONSTANT_CONVERSION = YES;
				CLANG_WARN_DEPRECATED_OBJC_IMPLEMENTATIONS = YES;
				CLANG_WARN_DIRECT_OBJC_ISA_USAGE = YES_ERROR;
				CLANG_WARN_DOCUMENTATION_COMMENTS = YES;
				CLANG_WARN_EMPTY_BODY = YES;
				CLANG_WARN_ENUM_CONVERSION = YES;
				CLANG_WARN_INFINITE_RECURSION = YES;
				CLANG_WARN_INT_CONVERSION = YES;
				CLANG_WARN_NON_LITERAL_NULL_CONVERSION = YES;
				CLANG_WARN_OBJC_IMPLICIT_RETAIN_SELF = YES;
				CLANG_WARN_OBJC_LITERAL_CONVERSION = YES;
				CLANG_WARN_OBJC_ROOT_CLASS = YES_ERROR;
				CLANG_WARN_QUOTED_INCLUDE_IN_FRAMEWORK_HEADER = YES;
				CLANG_WARN_RANGE_LOOP_ANALYSIS = YES;
				CLANG_WARN_STRICT_PROTOTYPES = YES;
				CLANG_WARN_SUSPICIOUS_MOVE = YES;
				CLANG_WARN_UNGUARDED_AVAILABILITY = YES_AGGRESSIVE;
				CLANG_WARN_UNREACHABLE_CODE = YES;
				CLANG_WARN__DUPLICATE_METHOD_MATCH = YES;
				COPY_PHASE_STRIP = NO;
				DEBUG_INFORMATION_FORMAT = "dwarf-with-dsym";
				ENABLE_NS_ASSERTIONS = NO;
				ENABLE_STRICT_OBJC_MSGSEND = YES;
				ENABLE_USER_SCRIPT_SANDBOXING = YES;
				GCC_C_LANGUAGE_STANDARD = gnu17;
				GCC_NO_COMMON_BLOCKS = YES;
				GCC_WARN_64_TO_32_BIT_CONVERSION = YES;
				GCC_WARN_ABOUT_RETURN_TYPE = YES_ERROR;
				GCC_WARN_UNDECLARED_SELECTOR = YES;
				GCC_WARN_UNINITIALIZED_AUTOS = YES_AGGRESSIVE;
				GCC_WARN_UNUSED_FUNCTION = YES;
				GCC_WARN_UNUSED_VARIABLE = YES;
				IPHONEOS_DEPLOYMENT_TARGET = 17.5;
				LOCALIZATION_PREFERS_STRING_CATALOGS = YES;
				MTL_ENABLE_DEBUG_INFO = NO;
				MTL_FAST_MATH = YES;
				SDKROOT = iphoneos;
				SWIFT_COMPILATION_MODE = wholemodule;
				VALIDATE_PRODUCT = YES;
			};
			name = Release;
		};
		63D9D0542C8E8055001960D3 /* Debug */ = {
			isa = XCBuildConfiguration;
			buildSettings = {
				ASSETCATALOG_COMPILER_APPICON_NAME = AppIcon;
				ASSETCATALOG_COMPILER_GLOBAL_ACCENT_COLOR_NAME = AccentColor;
				CODE_SIGN_STYLE = Automatic;
				CURRENT_PROJECT_VERSION = 1;
				DEVELOPMENT_ASSET_PATHS = "\"FlashBond/Preview Content\"";
				DEVELOPMENT_TEAM = NQD3LAN9FK;
				ENABLE_PREVIEWS = YES;
				GENERATE_INFOPLIST_FILE = YES;
				INFOPLIST_KEY_UIApplicationSceneManifest_Generation = YES;
				INFOPLIST_KEY_UIApplicationSupportsIndirectInputEvents = YES;
				INFOPLIST_KEY_UILaunchScreen_Generation = YES;
				INFOPLIST_KEY_UISupportedInterfaceOrientations_iPad = "UIInterfaceOrientationPortrait UIInterfaceOrientationPortraitUpsideDown UIInterfaceOrientationLandscapeLeft UIInterfaceOrientationLandscapeRight";
				INFOPLIST_KEY_UISupportedInterfaceOrientations_iPhone = "UIInterfaceOrientationPortrait UIInterfaceOrientationLandscapeLeft UIInterfaceOrientationLandscapeRight";
				LD_RUNPATH_SEARCH_PATHS = (
					"$(inherited)",
					"@executable_path/Frameworks",
				);
				MARKETING_VERSION = 1.0;
				PRODUCT_BUNDLE_IDENTIFIER = com.wataru.FlashBond;
				PRODUCT_NAME = "$(TARGET_NAME)";
				SWIFT_EMIT_LOC_STRINGS = YES;
				SWIFT_VERSION = 5.0;
				TARGETED_DEVICE_FAMILY = "1,2";
			};
			name = Debug;
		};
		63D9D0552C8E8055001960D3 /* Release */ = {
			isa = XCBuildConfiguration;
			buildSettings = {
				ASSETCATALOG_COMPILER_APPICON_NAME = AppIcon;
				ASSETCATALOG_COMPILER_GLOBAL_ACCENT_COLOR_NAME = AccentColor;
				CODE_SIGN_STYLE = Automatic;
				CURRENT_PROJECT_VERSION = 1;
				DEVELOPMENT_ASSET_PATHS = "\"FlashBond/Preview Content\"";
				DEVELOPMENT_TEAM = NQD3LAN9FK;
				ENABLE_PREVIEWS = YES;
				GENERATE_INFOPLIST_FILE = YES;
				INFOPLIST_KEY_UIApplicationSceneManifest_Generation = YES;
				INFOPLIST_KEY_UIApplicationSupportsIndirectInputEvents = YES;
				INFOPLIST_KEY_UILaunchScreen_Generation = YES;
				INFOPLIST_KEY_UISupportedInterfaceOrientations_iPad = "UIInterfaceOrientationPortrait UIInterfaceOrientationPortraitUpsideDown UIInterfaceOrientationLandscapeLeft UIInterfaceOrientationLandscapeRight";
				INFOPLIST_KEY_UISupportedInterfaceOrientations_iPhone = "UIInterfaceOrientationPortrait UIInterfaceOrientationLandscapeLeft UIInterfaceOrientationLandscapeRight";
				LD_RUNPATH_SEARCH_PATHS = (
					"$(inherited)",
					"@executable_path/Frameworks",
				);
				MARKETING_VERSION = 1.0;
				PRODUCT_BUNDLE_IDENTIFIER = com.wataru.FlashBond;
				PRODUCT_NAME = "$(TARGET_NAME)";
				SWIFT_EMIT_LOC_STRINGS = YES;
				SWIFT_VERSION = 5.0;
				TARGETED_DEVICE_FAMILY = "1,2";
			};
			name = Release;
		};
/* End XCBuildConfiguration section */

/* Begin XCConfigurationList section */
		63D9D0402C8E8053001960D3 /* Build configuration list for PBXProject "FlashBond" */ = {
			isa = XCConfigurationList;
			buildConfigurations = (
				63D9D0512C8E8055001960D3 /* Debug */,
				63D9D0522C8E8055001960D3 /* Release */,
			);
			defaultConfigurationIsVisible = 0;
			defaultConfigurationName = Release;
		};
		63D9D0532C8E8055001960D3 /* Build configuration list for PBXNativeTarget "FlashBond" */ = {
			isa = XCConfigurationList;
			buildConfigurations = (
				63D9D0542C8E8055001960D3 /* Debug */,
				63D9D0552C8E8055001960D3 /* Release */,
			);
			defaultConfigurationIsVisible = 0;
			defaultConfigurationName = Release;
		};
/* End XCConfigurationList section */

/* Begin XCRemoteSwiftPackageReference section */
		6356CA602C8FCE0500A496D2 /* XCRemoteSwiftPackageReference "firebase-ios-sdk" */ = {
			isa = XCRemoteSwiftPackageReference;
			repositoryURL = "https://github.com/firebase/firebase-ios-sdk";
			requirement = {
				kind = upToNextMajorVersion;
				minimumVersion = 11.1.0;
			};
		};
/* End XCRemoteSwiftPackageReference section */

/* Begin XCSwiftPackageProductDependency section */
		6356CA612C8FCE0500A496D2 /* FirebaseAuth */ = {
			isa = XCSwiftPackageProductDependency;
			package = 6356CA602C8FCE0500A496D2 /* XCRemoteSwiftPackageReference "firebase-ios-sdk" */;
			productName = FirebaseAuth;
		};
		6356CA632C8FCE0500A496D2 /* FirebaseDatabase */ = {
			isa = XCSwiftPackageProductDependency;
			package = 6356CA602C8FCE0500A496D2 /* XCRemoteSwiftPackageReference "firebase-ios-sdk" */;
			productName = FirebaseDatabase;
		};
		6356CA652C8FCE0500A496D2 /* FirebaseFirestore */ = {
			isa = XCSwiftPackageProductDependency;
			package = 6356CA602C8FCE0500A496D2 /* XCRemoteSwiftPackageReference "firebase-ios-sdk" */;
			productName = FirebaseFirestore;
		};
		6356CA672C8FCE0500A496D2 /* FirebaseStorage */ = {
			isa = XCSwiftPackageProductDependency;
			package = 6356CA602C8FCE0500A496D2 /* XCRemoteSwiftPackageReference "firebase-ios-sdk" */;
			productName = FirebaseStorage;
		};
/* End XCSwiftPackageProductDependency section */
	};
	rootObject = 63D9D03D2C8E8053001960D3 /* Project object */;
}
